// !$*UTF8*$!
{
	archiveVersion = 1;
	classes = {
	};
	objectVersion = 56;
	objects = {

/* Begin PBXBuildFile section */
		1DF041A32A1295230047E214 /* AppDelegate.swift in Sources */ = {isa = PBXBuildFile; fileRef = 1DF041A22A1295230047E214 /* AppDelegate.swift */; };
		1DF041A52A1295230047E214 /* SceneDelegate.swift in Sources */ = {isa = PBXBuildFile; fileRef = 1DF041A42A1295230047E214 /* SceneDelegate.swift */; };
		1DF041A72A1295230047E214 /* HomeViewController.swift in Sources */ = {isa = PBXBuildFile; fileRef = 1DF041A62A1295230047E214 /* HomeViewController.swift */; };
		1DF041AA2A1295230047E214 /* Main.storyboard in Resources */ = {isa = PBXBuildFile; fileRef = 1DF041A82A1295230047E214 /* Main.storyboard */; };
		1DF041AC2A1295240047E214 /* Assets.xcassets in Resources */ = {isa = PBXBuildFile; fileRef = 1DF041AB2A1295240047E214 /* Assets.xcassets */; };
		1DF041AF2A1295240047E214 /* LaunchScreen.storyboard in Resources */ = {isa = PBXBuildFile; fileRef = 1DF041AD2A1295240047E214 /* LaunchScreen.storyboard */; };
		1DF041BE2A12968D0047E214 /* TabBarViewController.swift in Sources */ = {isa = PBXBuildFile; fileRef = 1DF041BD2A12968D0047E214 /* TabBarViewController.swift */; };
		1DF041C42A1296C80047E214 /* SearchViewController.swift in Sources */ = {isa = PBXBuildFile; fileRef = 1DF041C32A1296C80047E214 /* SearchViewController.swift */; };
		1DF041C62A1296D10047E214 /* LibraryViewController.swift in Sources */ = {isa = PBXBuildFile; fileRef = 1DF041C52A1296D10047E214 /* LibraryViewController.swift */; };
		1DF041CB2A1296F60047E214 /* AuthViewController.swift in Sources */ = {isa = PBXBuildFile; fileRef = 1DF041CA2A1296F60047E214 /* AuthViewController.swift */; };
		1DF041CD2A1296FC0047E214 /* WelcomeViewController.swift in Sources */ = {isa = PBXBuildFile; fileRef = 1DF041CC2A1296FC0047E214 /* WelcomeViewController.swift */; };
		1DF041CF2A12970F0047E214 /* SettingsViewController.swift in Sources */ = {isa = PBXBuildFile; fileRef = 1DF041CE2A12970F0047E214 /* SettingsViewController.swift */; };
		1DF041D12A12971A0047E214 /* ProfileViewController.swift in Sources */ = {isa = PBXBuildFile; fileRef = 1DF041D02A12971A0047E214 /* ProfileViewController.swift */; };
		1DF041D32A1297240047E214 /* PlayerViewController.swift in Sources */ = {isa = PBXBuildFile; fileRef = 1DF041D22A1297240047E214 /* PlayerViewController.swift */; };
		1DF041D52A1297300047E214 /* PlaylistViewController.swift in Sources */ = {isa = PBXBuildFile; fileRef = 1DF041D42A1297300047E214 /* PlaylistViewController.swift */; };
		1DF041D72A12974C0047E214 /* SearchResultViewController.swift in Sources */ = {isa = PBXBuildFile; fileRef = 1DF041D62A12974C0047E214 /* SearchResultViewController.swift */; };
		1DF041D92A1297670047E214 /* AuthManager.swift in Sources */ = {isa = PBXBuildFile; fileRef = 1DF041D82A1297670047E214 /* AuthManager.swift */; };
		1DF041DB2A1297730047E214 /* APICaller.swift in Sources */ = {isa = PBXBuildFile; fileRef = 1DF041DA2A1297730047E214 /* APICaller.swift */; };
		1DF041DD2A12977E0047E214 /* HapticsManager.swift in Sources */ = {isa = PBXBuildFile; fileRef = 1DF041DC2A12977E0047E214 /* HapticsManager.swift */; };
		1DF041DF2A1297BB0047E214 /* Playlist.swift in Sources */ = {isa = PBXBuildFile; fileRef = 1DF041DE2A1297BB0047E214 /* Playlist.swift */; };
		1DF041E12A1297C70047E214 /* AudioTrack.swift in Sources */ = {isa = PBXBuildFile; fileRef = 1DF041E02A1297C70047E214 /* AudioTrack.swift */; };
		1DF041E32A1297CD0047E214 /* Artist.swift in Sources */ = {isa = PBXBuildFile; fileRef = 1DF041E22A1297CD0047E214 /* Artist.swift */; };
		1DF041E52A1297DB0047E214 /* UserProfile.swift in Sources */ = {isa = PBXBuildFile; fileRef = 1DF041E42A1297DB0047E214 /* UserProfile.swift */; };
		1DF041E82A12E7310047E214 /* Extensions.swift in Sources */ = {isa = PBXBuildFile; fileRef = 1DF041E72A12E7310047E214 /* Extensions.swift */; };
		1DF041EA2A1308E00047E214 /* AuthResponse.swift in Sources */ = {isa = PBXBuildFile; fileRef = 1DF041E92A1308E00047E214 /* AuthResponse.swift */; };
		1DF041EC2A13D8570047E214 /* SettingsModels.swift in Sources */ = {isa = PBXBuildFile; fileRef = 1DF041EB2A13D8570047E214 /* SettingsModels.swift */; };
		E8D0A6501625F61A5720513E /* Pods_Spotify.framework in Frameworks */ = {isa = PBXBuildFile; fileRef = 4EAF35F73AA3FF27710B2F10 /* Pods_Spotify.framework */; };
/* End PBXBuildFile section */

/* Begin PBXFileReference section */
		1DF0419F2A1295230047E214 /* Spotify.app */ = {isa = PBXFileReference; explicitFileType = wrapper.application; includeInIndex = 0; path = Spotify.app; sourceTree = BUILT_PRODUCTS_DIR; };
		1DF041A22A1295230047E214 /* AppDelegate.swift */ = {isa = PBXFileReference; lastKnownFileType = sourcecode.swift; path = AppDelegate.swift; sourceTree = "<group>"; };
		1DF041A42A1295230047E214 /* SceneDelegate.swift */ = {isa = PBXFileReference; lastKnownFileType = sourcecode.swift; path = SceneDelegate.swift; sourceTree = "<group>"; };
		1DF041A62A1295230047E214 /* HomeViewController.swift */ = {isa = PBXFileReference; lastKnownFileType = sourcecode.swift; path = HomeViewController.swift; sourceTree = "<group>"; };
		1DF041A92A1295230047E214 /* Base */ = {isa = PBXFileReference; lastKnownFileType = file.storyboard; name = Base; path = Base.lproj/Main.storyboard; sourceTree = "<group>"; };
		1DF041AB2A1295240047E214 /* Assets.xcassets */ = {isa = PBXFileReference; lastKnownFileType = folder.assetcatalog; path = Assets.xcassets; sourceTree = "<group>"; };
		1DF041AE2A1295240047E214 /* Base */ = {isa = PBXFileReference; lastKnownFileType = file.storyboard; name = Base; path = Base.lproj/LaunchScreen.storyboard; sourceTree = "<group>"; };
		1DF041B02A1295240047E214 /* Info.plist */ = {isa = PBXFileReference; lastKnownFileType = text.plist.xml; path = Info.plist; sourceTree = "<group>"; };
		1DF041BD2A12968D0047E214 /* TabBarViewController.swift */ = {isa = PBXFileReference; lastKnownFileType = sourcecode.swift; path = TabBarViewController.swift; sourceTree = "<group>"; };
		1DF041C32A1296C80047E214 /* SearchViewController.swift */ = {isa = PBXFileReference; lastKnownFileType = sourcecode.swift; path = SearchViewController.swift; sourceTree = "<group>"; };
		1DF041C52A1296D10047E214 /* LibraryViewController.swift */ = {isa = PBXFileReference; lastKnownFileType = sourcecode.swift; path = LibraryViewController.swift; sourceTree = "<group>"; };
		1DF041CA2A1296F60047E214 /* AuthViewController.swift */ = {isa = PBXFileReference; lastKnownFileType = sourcecode.swift; path = AuthViewController.swift; sourceTree = "<group>"; };
		1DF041CC2A1296FC0047E214 /* WelcomeViewController.swift */ = {isa = PBXFileReference; lastKnownFileType = sourcecode.swift; path = WelcomeViewController.swift; sourceTree = "<group>"; };
		1DF041CE2A12970F0047E214 /* SettingsViewController.swift */ = {isa = PBXFileReference; lastKnownFileType = sourcecode.swift; path = SettingsViewController.swift; sourceTree = "<group>"; };
		1DF041D02A12971A0047E214 /* ProfileViewController.swift */ = {isa = PBXFileReference; lastKnownFileType = sourcecode.swift; path = ProfileViewController.swift; sourceTree = "<group>"; };
		1DF041D22A1297240047E214 /* PlayerViewController.swift */ = {isa = PBXFileReference; lastKnownFileType = sourcecode.swift; path = PlayerViewController.swift; sourceTree = "<group>"; };
		1DF041D42A1297300047E214 /* PlaylistViewController.swift */ = {isa = PBXFileReference; lastKnownFileType = sourcecode.swift; path = PlaylistViewController.swift; sourceTree = "<group>"; };
		1DF041D62A12974C0047E214 /* SearchResultViewController.swift */ = {isa = PBXFileReference; lastKnownFileType = sourcecode.swift; path = SearchResultViewController.swift; sourceTree = "<group>"; };
		1DF041D82A1297670047E214 /* AuthManager.swift */ = {isa = PBXFileReference; lastKnownFileType = sourcecode.swift; path = AuthManager.swift; sourceTree = "<group>"; };
		1DF041DA2A1297730047E214 /* APICaller.swift */ = {isa = PBXFileReference; lastKnownFileType = sourcecode.swift; path = APICaller.swift; sourceTree = "<group>"; };
		1DF041DC2A12977E0047E214 /* HapticsManager.swift */ = {isa = PBXFileReference; lastKnownFileType = sourcecode.swift; path = HapticsManager.swift; sourceTree = "<group>"; };
		1DF041DE2A1297BB0047E214 /* Playlist.swift */ = {isa = PBXFileReference; lastKnownFileType = sourcecode.swift; path = Playlist.swift; sourceTree = "<group>"; };
		1DF041E02A1297C70047E214 /* AudioTrack.swift */ = {isa = PBXFileReference; lastKnownFileType = sourcecode.swift; path = AudioTrack.swift; sourceTree = "<group>"; };
		1DF041E22A1297CD0047E214 /* Artist.swift */ = {isa = PBXFileReference; lastKnownFileType = sourcecode.swift; path = Artist.swift; sourceTree = "<group>"; };
		1DF041E42A1297DB0047E214 /* UserProfile.swift */ = {isa = PBXFileReference; lastKnownFileType = sourcecode.swift; path = UserProfile.swift; sourceTree = "<group>"; };
		1DF041E62A129B430047E214 /* secrets.xcconfig */ = {isa = PBXFileReference; lastKnownFileType = text.xcconfig; path = secrets.xcconfig; sourceTree = "<group>"; };
		1DF041E72A12E7310047E214 /* Extensions.swift */ = {isa = PBXFileReference; lastKnownFileType = sourcecode.swift; path = Extensions.swift; sourceTree = "<group>"; };
		1DF041E92A1308E00047E214 /* AuthResponse.swift */ = {isa = PBXFileReference; lastKnownFileType = sourcecode.swift; path = AuthResponse.swift; sourceTree = "<group>"; };
		1DF041EB2A13D8570047E214 /* SettingsModels.swift */ = {isa = PBXFileReference; lastKnownFileType = sourcecode.swift; path = SettingsModels.swift; sourceTree = "<group>"; };
		4EAF35F73AA3FF27710B2F10 /* Pods_Spotify.framework */ = {isa = PBXFileReference; explicitFileType = wrapper.framework; includeInIndex = 0; path = Pods_Spotify.framework; sourceTree = BUILT_PRODUCTS_DIR; };
		A0087AD6C49FC80353DE31E3 /* Pods-Spotify.debug.xcconfig */ = {isa = PBXFileReference; includeInIndex = 1; lastKnownFileType = text.xcconfig; name = "Pods-Spotify.debug.xcconfig"; path = "Target Support Files/Pods-Spotify/Pods-Spotify.debug.xcconfig"; sourceTree = "<group>"; };
		ACBBA60ABD4D83BE0910D4C6 /* Pods-Spotify.release.xcconfig */ = {isa = PBXFileReference; includeInIndex = 1; lastKnownFileType = text.xcconfig; name = "Pods-Spotify.release.xcconfig"; path = "Target Support Files/Pods-Spotify/Pods-Spotify.release.xcconfig"; sourceTree = "<group>"; };
/* End PBXFileReference section */

/* Begin PBXFrameworksBuildPhase section */
		1DF0419C2A1295230047E214 /* Frameworks */ = {
			isa = PBXFrameworksBuildPhase;
			buildActionMask = 2147483647;
			files = (
				E8D0A6501625F61A5720513E /* Pods_Spotify.framework in Frameworks */,
			);
			runOnlyForDeploymentPostprocessing = 0;
		};
/* End PBXFrameworksBuildPhase section */

/* Begin PBXGroup section */
		1DF041962A1295230047E214 = {
			isa = PBXGroup;
			children = (
				1DF041A12A1295230047E214 /* Spotify */,
				1DF041A02A1295230047E214 /* Products */,
				1F205BFF0CC2E959B197B016 /* Pods */,
				F89B88B54753C532328DC6B7 /* Frameworks */,
			);
			sourceTree = "<group>";
		};
		1DF041A02A1295230047E214 /* Products */ = {
			isa = PBXGroup;
			children = (
				1DF0419F2A1295230047E214 /* Spotify.app */,
			);
			name = Products;
			sourceTree = "<group>";
		};
		1DF041A12A1295230047E214 /* Spotify */ = {
			isa = PBXGroup;
			children = (
				1DF041BC2A1295910047E214 /* Resources */,
				1DF041BB2A12958B0047E214 /* Managers */,
				1DF041BA2A1295830047E214 /* ViewModels */,
				1DF041B92A12957E0047E214 /* Models */,
				1DF041B82A1295770047E214 /* Views */,
				1DF041B72A1295560047E214 /* Controllers */,
				1DF041B02A1295240047E214 /* Info.plist */,
				1DF041E62A129B430047E214 /* secrets.xcconfig */,
			);
			path = Spotify;
			sourceTree = "<group>";
		};
		1DF041B72A1295560047E214 /* Controllers */ = {
			isa = PBXGroup;
			children = (
				1DF041C72A1296D80047E214 /* Core */,
				1DF041C92A1296E60047E214 /* Other */,
			);
			path = Controllers;
			sourceTree = "<group>";
		};
		1DF041B82A1295770047E214 /* Views */ = {
			isa = PBXGroup;
			children = (
				1DF041A82A1295230047E214 /* Main.storyboard */,
				1DF041AD2A1295240047E214 /* LaunchScreen.storyboard */,
			);
			path = Views;
			sourceTree = "<group>";
		};
		1DF041B92A12957E0047E214 /* Models */ = {
			isa = PBXGroup;
			children = (
				1DF041DE2A1297BB0047E214 /* Playlist.swift */,
				1DF041E02A1297C70047E214 /* AudioTrack.swift */,
				1DF041E22A1297CD0047E214 /* Artist.swift */,
				1DF041E42A1297DB0047E214 /* UserProfile.swift */,
				1DF041E92A1308E00047E214 /* AuthResponse.swift */,
				1DF041EB2A13D8570047E214 /* SettingsModels.swift */,
			);
			path = Models;
			sourceTree = "<group>";
		};
		1DF041BA2A1295830047E214 /* ViewModels */ = {
			isa = PBXGroup;
			children = (
			);
			path = ViewModels;
			sourceTree = "<group>";
		};
		1DF041BB2A12958B0047E214 /* Managers */ = {
			isa = PBXGroup;
			children = (
				1DF041D82A1297670047E214 /* AuthManager.swift */,
				1DF041DA2A1297730047E214 /* APICaller.swift */,
				1DF041DC2A12977E0047E214 /* HapticsManager.swift */,
			);
			path = Managers;
			sourceTree = "<group>";
		};
		1DF041BC2A1295910047E214 /* Resources */ = {
			isa = PBXGroup;
			children = (
				1DF041A22A1295230047E214 /* AppDelegate.swift */,
				1DF041A42A1295230047E214 /* SceneDelegate.swift */,
				1DF041AB2A1295240047E214 /* Assets.xcassets */,
				1DF041E72A12E7310047E214 /* Extensions.swift */,
			);
			path = Resources;
			sourceTree = "<group>";
		};
		1DF041C72A1296D80047E214 /* Core */ = {
			isa = PBXGroup;
			children = (
				1DF041A62A1295230047E214 /* HomeViewController.swift */,
				1DF041BD2A12968D0047E214 /* TabBarViewController.swift */,
				1DF041C32A1296C80047E214 /* SearchViewController.swift */,
				1DF041C52A1296D10047E214 /* LibraryViewController.swift */,
			);
			path = Core;
			sourceTree = "<group>";
		};
		1DF041C92A1296E60047E214 /* Other */ = {
			isa = PBXGroup;
			children = (
				1DF041CA2A1296F60047E214 /* AuthViewController.swift */,
				1DF041CC2A1296FC0047E214 /* WelcomeViewController.swift */,
				1DF041CE2A12970F0047E214 /* SettingsViewController.swift */,
				1DF041D02A12971A0047E214 /* ProfileViewController.swift */,
				1DF041D22A1297240047E214 /* PlayerViewController.swift */,
				1DF041D42A1297300047E214 /* PlaylistViewController.swift */,
				1DF041D62A12974C0047E214 /* SearchResultViewController.swift */,
			);
			path = Other;
			sourceTree = "<group>";
		};
		1F205BFF0CC2E959B197B016 /* Pods */ = {
			isa = PBXGroup;
			children = (
				A0087AD6C49FC80353DE31E3 /* Pods-Spotify.debug.xcconfig */,
				ACBBA60ABD4D83BE0910D4C6 /* Pods-Spotify.release.xcconfig */,
			);
			name = Pods;
			path = Pods;
			sourceTree = "<group>";
		};
		F89B88B54753C532328DC6B7 /* Frameworks */ = {
			isa = PBXGroup;
			children = (
				4EAF35F73AA3FF27710B2F10 /* Pods_Spotify.framework */,
			);
			name = Frameworks;
			sourceTree = "<group>";
		};
/* End PBXGroup section */

/* Begin PBXNativeTarget section */
		1DF0419E2A1295230047E214 /* Spotify */ = {
			isa = PBXNativeTarget;
			buildConfigurationList = 1DF041B32A1295240047E214 /* Build configuration list for PBXNativeTarget "Spotify" */;
			buildPhases = (
				A558902E3880355585511357 /* [CP] Check Pods Manifest.lock */,
				1DF0419B2A1295230047E214 /* Sources */,
				1DF0419C2A1295230047E214 /* Frameworks */,
				1DF0419D2A1295230047E214 /* Resources */,
				C53385B6A458B55DDDA4FB26 /* [CP] Embed Pods Frameworks */,
			);
			buildRules = (
			);
			dependencies = (
			);
			name = Spotify;
			productName = Spotify;
			productReference = 1DF0419F2A1295230047E214 /* Spotify.app */;
			productType = "com.apple.product-type.application";
		};
/* End PBXNativeTarget section */

/* Begin PBXProject section */
		1DF041972A1295230047E214 /* Project object */ = {
			isa = PBXProject;
			attributes = {
				BuildIndependentTargetsInParallel = 1;
				LastSwiftUpdateCheck = 1430;
				LastUpgradeCheck = 1430;
				TargetAttributes = {
					1DF0419E2A1295230047E214 = {
						CreatedOnToolsVersion = 14.3;
					};
				};
			};
			buildConfigurationList = 1DF0419A2A1295230047E214 /* Build configuration list for PBXProject "Spotify" */;
			compatibilityVersion = "Xcode 14.0";
			developmentRegion = en;
			hasScannedForEncodings = 0;
			knownRegions = (
				en,
				Base,
			);
			mainGroup = 1DF041962A1295230047E214;
			productRefGroup = 1DF041A02A1295230047E214 /* Products */;
			projectDirPath = "";
			projectRoot = "";
			targets = (
				1DF0419E2A1295230047E214 /* Spotify */,
			);
		};
/* End PBXProject section */

/* Begin PBXResourcesBuildPhase section */
		1DF0419D2A1295230047E214 /* Resources */ = {
			isa = PBXResourcesBuildPhase;
			buildActionMask = 2147483647;
			files = (
				1DF041AF2A1295240047E214 /* LaunchScreen.storyboard in Resources */,
				1DF041AC2A1295240047E214 /* Assets.xcassets in Resources */,
				1DF041AA2A1295230047E214 /* Main.storyboard in Resources */,
			);
			runOnlyForDeploymentPostprocessing = 0;
		};
/* End PBXResourcesBuildPhase section */

/* Begin PBXShellScriptBuildPhase section */
		A558902E3880355585511357 /* [CP] Check Pods Manifest.lock */ = {
			isa = PBXShellScriptBuildPhase;
			buildActionMask = 2147483647;
			files = (
			);
			inputFileListPaths = (
			);
			inputPaths = (
				"${PODS_PODFILE_DIR_PATH}/Podfile.lock",
				"${PODS_ROOT}/Manifest.lock",
			);
			name = "[CP] Check Pods Manifest.lock";
			outputFileListPaths = (
			);
			outputPaths = (
				"$(DERIVED_FILE_DIR)/Pods-Spotify-checkManifestLockResult.txt",
			);
			runOnlyForDeploymentPostprocessing = 0;
			shellPath = /bin/sh;
			shellScript = "diff \"${PODS_PODFILE_DIR_PATH}/Podfile.lock\" \"${PODS_ROOT}/Manifest.lock\" > /dev/null\nif [ $? != 0 ] ; then\n    # print error to STDERR\n    echo \"error: The sandbox is not in sync with the Podfile.lock. Run 'pod install' or update your CocoaPods installation.\" >&2\n    exit 1\nfi\n# This output is used by Xcode 'outputs' to avoid re-running this script phase.\necho \"SUCCESS\" > \"${SCRIPT_OUTPUT_FILE_0}\"\n";
			showEnvVarsInLog = 0;
		};
		C53385B6A458B55DDDA4FB26 /* [CP] Embed Pods Frameworks */ = {
			isa = PBXShellScriptBuildPhase;
			buildActionMask = 2147483647;
			files = (
			);
			inputFileListPaths = (
				"${PODS_ROOT}/Target Support Files/Pods-Spotify/Pods-Spotify-frameworks-${CONFIGURATION}-input-files.xcfilelist",
			);
			name = "[CP] Embed Pods Frameworks";
			outputFileListPaths = (
				"${PODS_ROOT}/Target Support Files/Pods-Spotify/Pods-Spotify-frameworks-${CONFIGURATION}-output-files.xcfilelist",
			);
			runOnlyForDeploymentPostprocessing = 0;
			shellPath = /bin/sh;
			shellScript = "\"${PODS_ROOT}/Target Support Files/Pods-Spotify/Pods-Spotify-frameworks.sh\"\n";
			showEnvVarsInLog = 0;
		};
/* End PBXShellScriptBuildPhase section */

/* Begin PBXSourcesBuildPhase section */
		1DF0419B2A1295230047E214 /* Sources */ = {
			isa = PBXSourcesBuildPhase;
			buildActionMask = 2147483647;
			files = (
				1DF041C42A1296C80047E214 /* SearchViewController.swift in Sources */,
				1DF041DF2A1297BB0047E214 /* Playlist.swift in Sources */,
				1DF041D92A1297670047E214 /* AuthManager.swift in Sources */,
				1DF041CD2A1296FC0047E214 /* WelcomeViewController.swift in Sources */,
				1DF041D12A12971A0047E214 /* ProfileViewController.swift in Sources */,
				1DF041BE2A12968D0047E214 /* TabBarViewController.swift in Sources */,
				1DF041A72A1295230047E214 /* HomeViewController.swift in Sources */,
				1DF041DD2A12977E0047E214 /* HapticsManager.swift in Sources */,
				1DF041EA2A1308E00047E214 /* AuthResponse.swift in Sources */,
				1DF041E12A1297C70047E214 /* AudioTrack.swift in Sources */,
				1DF041CB2A1296F60047E214 /* AuthViewController.swift in Sources */,
				1DF041A32A1295230047E214 /* AppDelegate.swift in Sources */,
				1DF041C62A1296D10047E214 /* LibraryViewController.swift in Sources */,
				1DF041E52A1297DB0047E214 /* UserProfile.swift in Sources */,
				1DF041E82A12E7310047E214 /* Extensions.swift in Sources */,
				1DF041D52A1297300047E214 /* PlaylistViewController.swift in Sources */,
				1DF041E32A1297CD0047E214 /* Artist.swift in Sources */,
				1DF041EC2A13D8570047E214 /* SettingsModels.swift in Sources */,
				1DF041A52A1295230047E214 /* SceneDelegate.swift in Sources */,
				1DF041D32A1297240047E214 /* PlayerViewController.swift in Sources */,
				1DF041D72A12974C0047E214 /* SearchResultViewController.swift in Sources */,
				1DF041DB2A1297730047E214 /* APICaller.swift in Sources */,
				1DF041CF2A12970F0047E214 /* SettingsViewController.swift in Sources */,
			);
			runOnlyForDeploymentPostprocessing = 0;
		};
/* End PBXSourcesBuildPhase section */

/* Begin PBXVariantGroup section */
		1DF041A82A1295230047E214 /* Main.storyboard */ = {
			isa = PBXVariantGroup;
			children = (
				1DF041A92A1295230047E214 /* Base */,
			);
			name = Main.storyboard;
			sourceTree = "<group>";
		};
		1DF041AD2A1295240047E214 /* LaunchScreen.storyboard */ = {
			isa = PBXVariantGroup;
			children = (
				1DF041AE2A1295240047E214 /* Base */,
			);
			name = LaunchScreen.storyboard;
			sourceTree = "<group>";
		};
/* End PBXVariantGroup section */

/* Begin XCBuildConfiguration section */
		1DF041B12A1295240047E214 /* Debug */ = {
			isa = XCBuildConfiguration;
			baseConfigurationReference = 1DF041E62A129B430047E214 /* secrets.xcconfig */;
			buildSettings = {
				ALWAYS_SEARCH_USER_PATHS = NO;
				CLANG_ANALYZER_NONNULL = YES;
				CLANG_ANALYZER_NUMBER_OBJECT_CONVERSION = YES_AGGRESSIVE;
				CLANG_CXX_LANGUAGE_STANDARD = "gnu++20";
				CLANG_ENABLE_MODULES = YES;
				CLANG_ENABLE_OBJC_ARC = YES;
				CLANG_ENABLE_OBJC_WEAK = YES;
				CLANG_WARN_BLOCK_CAPTURE_AUTORELEASING = YES;
				CLANG_WARN_BOOL_CONVERSION = YES;
				CLANG_WARN_COMMA = YES;
				CLANG_WARN_CONSTANT_CONVERSION = YES;
				CLANG_WARN_DEPRECATED_OBJC_IMPLEMENTATIONS = YES;
				CLANG_WARN_DIRECT_OBJC_ISA_USAGE = YES_ERROR;
				CLANG_WARN_DOCUMENTATION_COMMENTS = YES;
				CLANG_WARN_EMPTY_BODY = YES;
				CLANG_WARN_ENUM_CONVERSION = YES;
				CLANG_WARN_INFINITE_RECURSION = YES;
				CLANG_WARN_INT_CONVERSION = YES;
				CLANG_WARN_NON_LITERAL_NULL_CONVERSION = YES;
				CLANG_WARN_OBJC_IMPLICIT_RETAIN_SELF = YES;
				CLANG_WARN_OBJC_LITERAL_CONVERSION = YES;
				CLANG_WARN_OBJC_ROOT_CLASS = YES_ERROR;
				CLANG_WARN_QUOTED_INCLUDE_IN_FRAMEWORK_HEADER = YES;
				CLANG_WARN_RANGE_LOOP_ANALYSIS = YES;
				CLANG_WARN_STRICT_PROTOTYPES = YES;
				CLANG_WARN_SUSPICIOUS_MOVE = YES;
				CLANG_WARN_UNGUARDED_AVAILABILITY = YES_AGGRESSIVE;
				CLANG_WARN_UNREACHABLE_CODE = YES;
				CLANG_WARN__DUPLICATE_METHOD_MATCH = YES;
				COPY_PHASE_STRIP = NO;
				DEBUG_INFORMATION_FORMAT = dwarf;
				ENABLE_STRICT_OBJC_MSGSEND = YES;
				ENABLE_TESTABILITY = YES;
				GCC_C_LANGUAGE_STANDARD = gnu11;
				GCC_DYNAMIC_NO_PIC = NO;
				GCC_NO_COMMON_BLOCKS = YES;
				GCC_OPTIMIZATION_LEVEL = 0;
				GCC_PREPROCESSOR_DEFINITIONS = (
					"DEBUG=1",
					"$(inherited)",
				);
				GCC_WARN_64_TO_32_BIT_CONVERSION = YES;
				GCC_WARN_ABOUT_RETURN_TYPE = YES_ERROR;
				GCC_WARN_UNDECLARED_SELECTOR = YES;
				GCC_WARN_UNINITIALIZED_AUTOS = YES_AGGRESSIVE;
				GCC_WARN_UNUSED_FUNCTION = YES;
				GCC_WARN_UNUSED_VARIABLE = YES;
				IPHONEOS_DEPLOYMENT_TARGET = 16.4;
				MTL_ENABLE_DEBUG_INFO = INCLUDE_SOURCE;
				MTL_FAST_MATH = YES;
				ONLY_ACTIVE_ARCH = YES;
				SDKROOT = iphoneos;
				SWIFT_ACTIVE_COMPILATION_CONDITIONS = DEBUG;
				SWIFT_OPTIMIZATION_LEVEL = "-Onone";
			};
			name = Debug;
		};
		1DF041B22A1295240047E214 /* Release */ = {
			isa = XCBuildConfiguration;
			baseConfigurationReference = 1DF041E62A129B430047E214 /* secrets.xcconfig */;
			buildSettings = {
				ALWAYS_SEARCH_USER_PATHS = NO;
				CLANG_ANALYZER_NONNULL = YES;
				CLANG_ANALYZER_NUMBER_OBJECT_CONVERSION = YES_AGGRESSIVE;
				CLANG_CXX_LANGUAGE_STANDARD = "gnu++20";
				CLANG_ENABLE_MODULES = YES;
				CLANG_ENABLE_OBJC_ARC = YES;
				CLANG_ENABLE_OBJC_WEAK = YES;
				CLANG_WARN_BLOCK_CAPTURE_AUTORELEASING = YES;
				CLANG_WARN_BOOL_CONVERSION = YES;
				CLANG_WARN_COMMA = YES;
				CLANG_WARN_CONSTANT_CONVERSION = YES;
				CLANG_WARN_DEPRECATED_OBJC_IMPLEMENTATIONS = YES;
				CLANG_WARN_DIRECT_OBJC_ISA_USAGE = YES_ERROR;
				CLANG_WARN_DOCUMENTATION_COMMENTS = YES;
				CLANG_WARN_EMPTY_BODY = YES;
				CLANG_WARN_ENUM_CONVERSION = YES;
				CLANG_WARN_INFINITE_RECURSION = YES;
				CLANG_WARN_INT_CONVERSION = YES;
				CLANG_WARN_NON_LITERAL_NULL_CONVERSION = YES;
				CLANG_WARN_OBJC_IMPLICIT_RETAIN_SELF = YES;
				CLANG_WARN_OBJC_LITERAL_CONVERSION = YES;
				CLANG_WARN_OBJC_ROOT_CLASS = YES_ERROR;
				CLANG_WARN_QUOTED_INCLUDE_IN_FRAMEWORK_HEADER = YES;
				CLANG_WARN_RANGE_LOOP_ANALYSIS = YES;
				CLANG_WARN_STRICT_PROTOTYPES = YES;
				CLANG_WARN_SUSPICIOUS_MOVE = YES;
				CLANG_WARN_UNGUARDED_AVAILABILITY = YES_AGGRESSIVE;
				CLANG_WARN_UNREACHABLE_CODE = YES;
				CLANG_WARN__DUPLICATE_METHOD_MATCH = YES;
				COPY_PHASE_STRIP = NO;
				DEBUG_INFORMATION_FORMAT = "dwarf-with-dsym";
				ENABLE_NS_ASSERTIONS = NO;
				ENABLE_STRICT_OBJC_MSGSEND = YES;
				GCC_C_LANGUAGE_STANDARD = gnu11;
				GCC_NO_COMMON_BLOCKS = YES;
				GCC_WARN_64_TO_32_BIT_CONVERSION = YES;
				GCC_WARN_ABOUT_RETURN_TYPE = YES_ERROR;
				GCC_WARN_UNDECLARED_SELECTOR = YES;
				GCC_WARN_UNINITIALIZED_AUTOS = YES_AGGRESSIVE;
				GCC_WARN_UNUSED_FUNCTION = YES;
				GCC_WARN_UNUSED_VARIABLE = YES;
				IPHONEOS_DEPLOYMENT_TARGET = 16.4;
				MTL_ENABLE_DEBUG_INFO = NO;
				MTL_FAST_MATH = YES;
				SDKROOT = iphoneos;
				SWIFT_COMPILATION_MODE = wholemodule;
				SWIFT_OPTIMIZATION_LEVEL = "-O";
				VALIDATE_PRODUCT = YES;
			};
			name = Release;
		};
		1DF041B42A1295240047E214 /* Debug */ = {
			isa = XCBuildConfiguration;
			baseConfigurationReference = A0087AD6C49FC80353DE31E3 /* Pods-Spotify.debug.xcconfig */;
			buildSettings = {
				ASSETCATALOG_COMPILER_APPICON_NAME = AppIcon;
				ASSETCATALOG_COMPILER_GLOBAL_ACCENT_COLOR_NAME = AccentColor;
				CODE_SIGN_STYLE = Automatic;
				CURRENT_PROJECT_VERSION = 1;
				DEVELOPMENT_TEAM = 63T5GV53Y5;
				GENERATE_INFOPLIST_FILE = YES;
				INFOPLIST_FILE = Spotify/Info.plist;
				INFOPLIST_KEY_UIApplicationSupportsIndirectInputEvents = YES;
				INFOPLIST_KEY_UILaunchStoryboardName = LaunchScreen;
				INFOPLIST_KEY_UISupportedInterfaceOrientations_iPad = "UIInterfaceOrientationPortrait UIInterfaceOrientationPortraitUpsideDown UIInterfaceOrientationLandscapeLeft UIInterfaceOrientationLandscapeRight";
				INFOPLIST_KEY_UISupportedInterfaceOrientations_iPhone = "UIInterfaceOrientationPortrait UIInterfaceOrientationLandscapeLeft UIInterfaceOrientationLandscapeRight";
				LD_RUNPATH_SEARCH_PATHS = (
					"$(inherited)",
					"@executable_path/Frameworks",
				);
				MARKETING_VERSION = 1.0;
				PRODUCT_BUNDLE_IDENTIFIER = AkhilThata.Spotify;
				PRODUCT_NAME = "$(TARGET_NAME)";
				SWIFT_EMIT_LOC_STRINGS = YES;
				SWIFT_VERSION = 5.0;
				TARGETED_DEVICE_FAMILY = "1,2";
			};
			name = Debug;
		};
		1DF041B52A1295240047E214 /* Release */ = {
			isa = XCBuildConfiguration;
			baseConfigurationReference = ACBBA60ABD4D83BE0910D4C6 /* Pods-Spotify.release.xcconfig */;
			buildSettings = {
				ASSETCATALOG_COMPILER_APPICON_NAME = AppIcon;
				ASSETCATALOG_COMPILER_GLOBAL_ACCENT_COLOR_NAME = AccentColor;
				CODE_SIGN_STYLE = Automatic;
				CURRENT_PROJECT_VERSION = 1;
				DEVELOPMENT_TEAM = 63T5GV53Y5;
				GENERATE_INFOPLIST_FILE = YES;
				INFOPLIST_FILE = Spotify/Info.plist;
				INFOPLIST_KEY_UIApplicationSupportsIndirectInputEvents = YES;
				INFOPLIST_KEY_UILaunchStoryboardName = LaunchScreen;
				INFOPLIST_KEY_UISupportedInterfaceOrientations_iPad = "UIInterfaceOrientationPortrait UIInterfaceOrientationPortraitUpsideDown UIInterfaceOrientationLandscapeLeft UIInterfaceOrientationLandscapeRight";
				INFOPLIST_KEY_UISupportedInterfaceOrientations_iPhone = "UIInterfaceOrientationPortrait UIInterfaceOrientationLandscapeLeft UIInterfaceOrientationLandscapeRight";
				LD_RUNPATH_SEARCH_PATHS = (
					"$(inherited)",
					"@executable_path/Frameworks",
				);
				MARKETING_VERSION = 1.0;
				PRODUCT_BUNDLE_IDENTIFIER = AkhilThata.Spotify;
				PRODUCT_NAME = "$(TARGET_NAME)";
				SWIFT_EMIT_LOC_STRINGS = YES;
				SWIFT_VERSION = 5.0;
				TARGETED_DEVICE_FAMILY = "1,2";
			};
			name = Release;
		};
/* End XCBuildConfiguration section */

/* Begin XCConfigurationList section */
		1DF0419A2A1295230047E214 /* Build configuration list for PBXProject "Spotify" */ = {
			isa = XCConfigurationList;
			buildConfigurations = (
				1DF041B12A1295240047E214 /* Debug */,
				1DF041B22A1295240047E214 /* Release */,
			);
			defaultConfigurationIsVisible = 0;
			defaultConfigurationName = Release;
		};
		1DF041B32A1295240047E214 /* Build configuration list for PBXNativeTarget "Spotify" */ = {
			isa = XCConfigurationList;
			buildConfigurations = (
				1DF041B42A1295240047E214 /* Debug */,
				1DF041B52A1295240047E214 /* Release */,
			);
			defaultConfigurationIsVisible = 0;
			defaultConfigurationName = Release;
		};
/* End XCConfigurationList section */
	};
	rootObject = 1DF041972A1295230047E214 /* Project object */;
}
